
Microsoft Visual Studio Solution File, Format Version 12.00
# Visual Studio Version 17
VisualStudioVersion = 17.9.34728.123
MinimumVisualStudioVersion = 10.0.40219.1
Project("{FAE04EC0-301F-11D3-BF4B-00C04F79EFBC}") = "MyTrendyol", "MyTrendyol.csproj", "{D694C7B8-4415-4A62-8403-C5911A07744D}"
EndProject
Global
	GlobalSection(SolutionConfigurationPlatforms) = preSolution
		Debug|Any CPU = Debug|Any CPU
		Release|Any CPU = Release|Any CPU
	EndGlobalSection
	GlobalSection(ProjectConfigurationPlatforms) = postSolution
		{D694C7B8-4415-4A62-8403-C5911A07744D}.Debug|Any CPU.ActiveCfg = Debug|Any CPU
		{D694C7B8-4415-4A62-8403-C5911A07744D}.Debug|Any CPU.Build.0 = Debug|Any CPU
		{D694C7B8-4415-4A62-8403-C5911A07744D}.Release|Any CPU.ActiveCfg = Release|Any CPU
		{D694C7B8-4415-4A62-8403-C5911A07744D}.Release|Any CPU.Build.0 = Release|Any CPU
	EndGlobalSection
	GlobalSection(SolutionProperties) = preSolution
		HideSolutionNode = FALSE
	EndGlobalSection
	GlobalSection(ExtensibilityGlobals) = postSolution
		SolutionGuid = {1266DE3C-833F-4D96-A837-34FFD7A4B2BD}
	EndGlobalSection
EndGlobal
