
Microsoft Visual Studio Solution File, Format Version 12.00
# Visual Studio Version 17
VisualStudioVersion = 17.7.34202.233
MinimumVisualStudioVersion = 10.0.40219.1
Project("{FAE04EC0-301F-11D3-BF4B-00C04F79EFBC}") = "WpfApp8", "WpfApp8\WpfApp8.csproj", "{DAE06B55-534A-4541-BC4A-C48060B31BF9}"
EndProject
Global
	GlobalSection(SolutionConfigurationPlatforms) = preSolution
		Debug|Any CPU = Debug|Any CPU
		Release|Any CPU = Release|Any CPU
	EndGlobalSection
	GlobalSection(ProjectConfigurationPlatforms) = postSolution
		{DAE06B55-534A-4541-BC4A-C48060B31BF9}.Debug|Any CPU.ActiveCfg = Debug|Any CPU
		{DAE06B55-534A-4541-BC4A-C48060B31BF9}.Debug|Any CPU.Build.0 = Debug|Any CPU
		{DAE06B55-534A-4541-BC4A-C48060B31BF9}.Release|Any CPU.ActiveCfg = Release|Any CPU
		{DAE06B55-534A-4541-BC4A-C48060B31BF9}.Release|Any CPU.Build.0 = Release|Any CPU
	EndGlobalSection
	GlobalSection(SolutionProperties) = preSolution
		HideSolutionNode = FALSE
	EndGlobalSection
	GlobalSection(ExtensibilityGlobals) = postSolution
		SolutionGuid = {F51F775F-C2D6-44AF-8F6E-F3C4DB1E0CCD}
	EndGlobalSection
EndGlobal
